// !$*UTF8*$!
{
	archiveVersion = 1;
	classes = {
	};
	objectVersion = 50;
	objects = {

/* Begin PBXBuildFile section */
		BB053A2D233EFA9100577489 /* AppDelegate.swift in Sources */ = {isa = PBXBuildFile; fileRef = BB053A2C233EFA9100577489 /* AppDelegate.swift */; };
		BB053A2F233EFA9100577489 /* SceneDelegate.swift in Sources */ = {isa = PBXBuildFile; fileRef = BB053A2E233EFA9100577489 /* SceneDelegate.swift */; };
		BB053A31233EFA9100577489 /* ViewController.swift in Sources */ = {isa = PBXBuildFile; fileRef = BB053A30233EFA9100577489 /* ViewController.swift */; };
		BB053A34233EFA9100577489 /* Main.storyboard in Resources */ = {isa = PBXBuildFile; fileRef = BB053A32233EFA9100577489 /* Main.storyboard */; };
		BB053A36233EFA9200577489 /* Assets.xcassets in Resources */ = {isa = PBXBuildFile; fileRef = BB053A35233EFA9200577489 /* Assets.xcassets */; };
		BB053A39233EFA9200577489 /* LaunchScreen.storyboard in Resources */ = {isa = PBXBuildFile; fileRef = BB053A37233EFA9200577489 /* LaunchScreen.storyboard */; };
		BB053A42233EFAE000577489 /* Observer.swift in Sources */ = {isa = PBXBuildFile; fileRef = BB053A41233EFAE000577489 /* Observer.swift */; };
		BB053A44233EFBFA00577489 /* ViewModel.swift in Sources */ = {isa = PBXBuildFile; fileRef = BB053A43233EFBFA00577489 /* ViewModel.swift */; };
		BB053A48233F1FB800577489 /* Model.swift in Sources */ = {isa = PBXBuildFile; fileRef = BB053A47233F1FB800577489 /* Model.swift */; };
		BB053A4B233F200800577489 /* DesinView.swift in Sources */ = {isa = PBXBuildFile; fileRef = BB053A4A233F200800577489 /* DesinView.swift */; };
		BB937B7C2341386D00490731 /* LayoutAnchor.swift in Sources */ = {isa = PBXBuildFile; fileRef = BB937B7B2341386D00490731 /* LayoutAnchor.swift */; };
		BB937B7F23413B2F00490731 /* NetWorkAndBind.swift in Sources */ = {isa = PBXBuildFile; fileRef = BB937B7E23413B2F00490731 /* NetWorkAndBind.swift */; };
		BB937B812342528300490731 /* APIModel.swift in Sources */ = {isa = PBXBuildFile; fileRef = BB937B802342528300490731 /* APIModel.swift */; };
		BBCB2786233F545A0030BD0A /* ApiClient.swift in Sources */ = {isa = PBXBuildFile; fileRef = BBCB2785233F545A0030BD0A /* ApiClient.swift */; };
		BBCB2788233F54D00030BD0A /* URLComponent.swift in Sources */ = {isa = PBXBuildFile; fileRef = BBCB2787233F54D00030BD0A /* URLComponent.swift */; };
/* End PBXBuildFile section */

/* Begin PBXFileReference section */
		BB053A29233EFA9100577489 /* MVVMArchitecture.app */ = {isa = PBXFileReference; explicitFileType = wrapper.application; includeInIndex = 0; path = MVVMArchitecture.app; sourceTree = BUILT_PRODUCTS_DIR; };
		BB053A2C233EFA9100577489 /* AppDelegate.swift */ = {isa = PBXFileReference; lastKnownFileType = sourcecode.swift; path = AppDelegate.swift; sourceTree = "<group>"; };
		BB053A2E233EFA9100577489 /* SceneDelegate.swift */ = {isa = PBXFileReference; lastKnownFileType = sourcecode.swift; path = SceneDelegate.swift; sourceTree = "<group>"; };
		BB053A30233EFA9100577489 /* ViewController.swift */ = {isa = PBXFileReference; lastKnownFileType = sourcecode.swift; path = ViewController.swift; sourceTree = "<group>"; };
		BB053A33233EFA9100577489 /* Base */ = {isa = PBXFileReference; lastKnownFileType = file.storyboard; name = Base; path = Base.lproj/Main.storyboard; sourceTree = "<group>"; };
		BB053A35233EFA9200577489 /* Assets.xcassets */ = {isa = PBXFileReference; lastKnownFileType = folder.assetcatalog; path = Assets.xcassets; sourceTree = "<group>"; };
		BB053A38233EFA9200577489 /* Base */ = {isa = PBXFileReference; lastKnownFileType = file.storyboard; name = Base; path = Base.lproj/LaunchScreen.storyboard; sourceTree = "<group>"; };
		BB053A3A233EFA9200577489 /* Info.plist */ = {isa = PBXFileReference; lastKnownFileType = text.plist.xml; path = Info.plist; sourceTree = "<group>"; };
		BB053A41233EFAE000577489 /* Observer.swift */ = {isa = PBXFileReference; lastKnownFileType = sourcecode.swift; path = Observer.swift; sourceTree = "<group>"; };
		BB053A43233EFBFA00577489 /* ViewModel.swift */ = {isa = PBXFileReference; lastKnownFileType = sourcecode.swift; path = ViewModel.swift; sourceTree = "<group>"; };
		BB053A47233F1FB800577489 /* Model.swift */ = {isa = PBXFileReference; lastKnownFileType = sourcecode.swift; path = Model.swift; sourceTree = "<group>"; };
		BB053A4A233F200800577489 /* DesinView.swift */ = {isa = PBXFileReference; lastKnownFileType = sourcecode.swift; path = DesinView.swift; sourceTree = "<group>"; };
		BB937B7B2341386D00490731 /* LayoutAnchor.swift */ = {isa = PBXFileReference; lastKnownFileType = sourcecode.swift; path = LayoutAnchor.swift; sourceTree = "<group>"; };
		BB937B7E23413B2F00490731 /* NetWorkAndBind.swift */ = {isa = PBXFileReference; lastKnownFileType = sourcecode.swift; path = NetWorkAndBind.swift; sourceTree = "<group>"; };
		BB937B802342528300490731 /* APIModel.swift */ = {isa = PBXFileReference; lastKnownFileType = sourcecode.swift; path = APIModel.swift; sourceTree = "<group>"; };
		BBCB2785233F545A0030BD0A /* ApiClient.swift */ = {isa = PBXFileReference; lastKnownFileType = sourcecode.swift; path = ApiClient.swift; sourceTree = "<group>"; };
		BBCB2787233F54D00030BD0A /* URLComponent.swift */ = {isa = PBXFileReference; lastKnownFileType = sourcecode.swift; path = URLComponent.swift; sourceTree = "<group>"; };
/* End PBXFileReference section */

/* Begin PBXFrameworksBuildPhase section */
		BB053A26233EFA9100577489 /* Frameworks */ = {
			isa = PBXFrameworksBuildPhase;
			buildActionMask = 2147483647;
			files = (
			);
			runOnlyForDeploymentPostprocessing = 0;
		};
/* End PBXFrameworksBuildPhase section */

/* Begin PBXGroup section */
		BB053A20233EFA9100577489 = {
			isa = PBXGroup;
			children = (
				BB053A2B233EFA9100577489 /* MVVMArchitecture */,
				BB053A2A233EFA9100577489 /* Products */,
			);
			sourceTree = "<group>";
		};
		BB053A2A233EFA9100577489 /* Products */ = {
			isa = PBXGroup;
			children = (
				BB053A29233EFA9100577489 /* MVVMArchitecture.app */,
			);
			name = Products;
			sourceTree = "<group>";
		};
		BB053A2B233EFA9100577489 /* MVVMArchitecture */ = {
			isa = PBXGroup;
			children = (
				BB937B7D23413B1F00490731 /* NetWorkAndBind */,
				BB937B7A2341384100490731 /* Layout */,
				BBCB2784233F544B0030BD0A /* ApiClient */,
				BB053A49233F1FED00577489 /* View */,
				BB053A46233F1FAC00577489 /* Model */,
				BB053A45233F1F9600577489 /* ViewModel */,
				BB053A40233EFAB100577489 /* Binding */,
				BB053A2C233EFA9100577489 /* AppDelegate.swift */,
				BB053A2E233EFA9100577489 /* SceneDelegate.swift */,
				BB053A30233EFA9100577489 /* ViewController.swift */,
				BB053A32233EFA9100577489 /* Main.storyboard */,
				BB053A35233EFA9200577489 /* Assets.xcassets */,
				BB053A37233EFA9200577489 /* LaunchScreen.storyboard */,
				BB053A3A233EFA9200577489 /* Info.plist */,
			);
			path = MVVMArchitecture;
			sourceTree = "<group>";
		};
		BB053A40233EFAB100577489 /* Binding */ = {
			isa = PBXGroup;
			children = (
				BB053A41233EFAE000577489 /* Observer.swift */,
			);
			path = Binding;
			sourceTree = "<group>";
		};
		BB053A45233F1F9600577489 /* ViewModel */ = {
			isa = PBXGroup;
			children = (
				BB053A43233EFBFA00577489 /* ViewModel.swift */,
			);
			path = ViewModel;
			sourceTree = "<group>";
		};
		BB053A46233F1FAC00577489 /* Model */ = {
			isa = PBXGroup;
			children = (
				BB053A47233F1FB800577489 /* Model.swift */,
				BB937B802342528300490731 /* APIModel.swift */,
			);
			path = Model;
			sourceTree = "<group>";
		};
		BB053A49233F1FED00577489 /* View */ = {
			isa = PBXGroup;
			children = (
				BB053A4A233F200800577489 /* DesinView.swift */,
			);
			path = View;
			sourceTree = "<group>";
		};
		BB937B7A2341384100490731 /* Layout */ = {
			isa = PBXGroup;
			children = (
				BB937B7B2341386D00490731 /* LayoutAnchor.swift */,
			);
			path = Layout;
			sourceTree = "<group>";
		};
		BB937B7D23413B1F00490731 /* NetWorkAndBind */ = {
			isa = PBXGroup;
			children = (
				BB937B7E23413B2F00490731 /* NetWorkAndBind.swift */,
			);
			path = NetWorkAndBind;
			sourceTree = "<group>";
		};
		BBCB2784233F544B0030BD0A /* ApiClient */ = {
			isa = PBXGroup;
			children = (
				BBCB2785233F545A0030BD0A /* ApiClient.swift */,
				BBCB2787233F54D00030BD0A /* URLComponent.swift */,
			);
			path = ApiClient;
			sourceTree = "<group>";
		};
/* End PBXGroup section */

/* Begin PBXNativeTarget section */
		BB053A28233EFA9100577489 /* MVVMArchitecture */ = {
			isa = PBXNativeTarget;
			buildConfigurationList = BB053A3D233EFA9200577489 /* Build configuration list for PBXNativeTarget "MVVMArchitecture" */;
			buildPhases = (
				BB053A25233EFA9100577489 /* Sources */,
				BB053A26233EFA9100577489 /* Frameworks */,
				BB053A27233EFA9100577489 /* Resources */,
			);
			buildRules = (
			);
			dependencies = (
			);
			name = MVVMArchitecture;
			productName = SampleMVVM;
			productReference = BB053A29233EFA9100577489 /* MVVMArchitecture.app */;
			productType = "com.apple.product-type.application";
		};
/* End PBXNativeTarget section */

/* Begin PBXProject section */
		BB053A21233EFA9100577489 /* Project object */ = {
			isa = PBXProject;
			attributes = {
				LastSwiftUpdateCheck = 1100;
				LastUpgradeCheck = 1100;
				ORGANIZATIONNAME = "永田大祐";
				TargetAttributes = {
					BB053A28233EFA9100577489 = {
						CreatedOnToolsVersion = 11.0;
					};
				};
			};
			buildConfigurationList = BB053A24233EFA9100577489 /* Build configuration list for PBXProject "MVVMArchitecture" */;
			compatibilityVersion = "Xcode 9.3";
			developmentRegion = en;
			hasScannedForEncodings = 0;
			knownRegions = (
				en,
				Base,
			);
			mainGroup = BB053A20233EFA9100577489;
			productRefGroup = BB053A2A233EFA9100577489 /* Products */;
			projectDirPath = "";
			projectRoot = "";
			targets = (
				BB053A28233EFA9100577489 /* MVVMArchitecture */,
			);
		};
/* End PBXProject section */

/* Begin PBXResourcesBuildPhase section */
		BB053A27233EFA9100577489 /* Resources */ = {
			isa = PBXResourcesBuildPhase;
			buildActionMask = 2147483647;
			files = (
				BB053A39233EFA9200577489 /* LaunchScreen.storyboard in Resources */,
				BB053A36233EFA9200577489 /* Assets.xcassets in Resources */,
				BB053A34233EFA9100577489 /* Main.storyboard in Resources */,
			);
			runOnlyForDeploymentPostprocessing = 0;
		};
/* End PBXResourcesBuildPhase section */

/* Begin PBXSourcesBuildPhase section */
		BB053A25233EFA9100577489 /* Sources */ = {
			isa = PBXSourcesBuildPhase;
			buildActionMask = 2147483647;
			files = (
				BB053A44233EFBFA00577489 /* ViewModel.swift in Sources */,
				BBCB2788233F54D00030BD0A /* URLComponent.swift in Sources */,
				BB053A31233EFA9100577489 /* ViewController.swift in Sources */,
				BB937B7F23413B2F00490731 /* NetWorkAndBind.swift in Sources */,
				BB937B812342528300490731 /* APIModel.swift in Sources */,
				BB053A42233EFAE000577489 /* Observer.swift in Sources */,
				BB937B7C2341386D00490731 /* LayoutAnchor.swift in Sources */,
				BBCB2786233F545A0030BD0A /* ApiClient.swift in Sources */,
				BB053A48233F1FB800577489 /* Model.swift in Sources */,
				BB053A4B233F200800577489 /* DesinView.swift in Sources */,
				BB053A2D233EFA9100577489 /* AppDelegate.swift in Sources */,
				BB937B782341357300490731 /* LayoutAnchor.swift in Sources */,
				BB053A2F233EFA9100577489 /* SceneDelegate.swift in Sources */,
			);
			runOnlyForDeploymentPostprocessing = 0;
		};
/* End PBXSourcesBuildPhase section */

/* Begin PBXVariantGroup section */
		BB053A32233EFA9100577489 /* Main.storyboard */ = {
			isa = PBXVariantGroup;
			children = (
				BB053A33233EFA9100577489 /* Base */,
			);
			name = Main.storyboard;
			sourceTree = "<group>";
		};
		BB053A37233EFA9200577489 /* LaunchScreen.storyboard */ = {
			isa = PBXVariantGroup;
			children = (
				BB053A38233EFA9200577489 /* Base */,
			);
			name = LaunchScreen.storyboard;
			sourceTree = "<group>";
		};
/* End PBXVariantGroup section */

/* Begin XCBuildConfiguration section */
		BB053A3B233EFA9200577489 /* Debug */ = {
			isa = XCBuildConfiguration;
			buildSettings = {
				ALWAYS_SEARCH_USER_PATHS = NO;
				CLANG_ANALYZER_NONNULL = YES;
				CLANG_ANALYZER_NUMBER_OBJECT_CONVERSION = YES_AGGRESSIVE;
				CLANG_CXX_LANGUAGE_STANDARD = "gnu++14";
				CLANG_CXX_LIBRARY = "libc++";
				CLANG_ENABLE_MODULES = YES;
				CLANG_ENABLE_OBJC_ARC = YES;
				CLANG_ENABLE_OBJC_WEAK = YES;
				CLANG_WARN_BLOCK_CAPTURE_AUTORELEASING = YES;
				CLANG_WARN_BOOL_CONVERSION = YES;
				CLANG_WARN_COMMA = YES;
				CLANG_WARN_CONSTANT_CONVERSION = YES;
				CLANG_WARN_DEPRECATED_OBJC_IMPLEMENTATIONS = YES;
				CLANG_WARN_DIRECT_OBJC_ISA_USAGE = YES_ERROR;
				CLANG_WARN_DOCUMENTATION_COMMENTS = YES;
				CLANG_WARN_EMPTY_BODY = YES;
				CLANG_WARN_ENUM_CONVERSION = YES;
				CLANG_WARN_INFINITE_RECURSION = YES;
				CLANG_WARN_INT_CONVERSION = YES;
				CLANG_WARN_NON_LITERAL_NULL_CONVERSION = YES;
				CLANG_WARN_OBJC_IMPLICIT_RETAIN_SELF = YES;
				CLANG_WARN_OBJC_LITERAL_CONVERSION = YES;
				CLANG_WARN_OBJC_ROOT_CLASS = YES_ERROR;
				CLANG_WARN_RANGE_LOOP_ANALYSIS = YES;
				CLANG_WARN_STRICT_PROTOTYPES = YES;
				CLANG_WARN_SUSPICIOUS_MOVE = YES;
				CLANG_WARN_UNGUARDED_AVAILABILITY = YES_AGGRESSIVE;
				CLANG_WARN_UNREACHABLE_CODE = YES;
				CLANG_WARN__DUPLICATE_METHOD_MATCH = YES;
				COPY_PHASE_STRIP = NO;
				DEBUG_INFORMATION_FORMAT = dwarf;
				ENABLE_STRICT_OBJC_MSGSEND = YES;
				ENABLE_TESTABILITY = YES;
				GCC_C_LANGUAGE_STANDARD = gnu11;
				GCC_DYNAMIC_NO_PIC = NO;
				GCC_NO_COMMON_BLOCKS = YES;
				GCC_OPTIMIZATION_LEVEL = 0;
				GCC_PREPROCESSOR_DEFINITIONS = (
					"DEBUG=1",
					"$(inherited)",
				);
				GCC_WARN_64_TO_32_BIT_CONVERSION = YES;
				GCC_WARN_ABOUT_RETURN_TYPE = YES_ERROR;
				GCC_WARN_UNDECLARED_SELECTOR = YES;
				GCC_WARN_UNINITIALIZED_AUTOS = YES_AGGRESSIVE;
				GCC_WARN_UNUSED_FUNCTION = YES;
				GCC_WARN_UNUSED_VARIABLE = YES;
				IPHONEOS_DEPLOYMENT_TARGET = 13.0;
				MTL_ENABLE_DEBUG_INFO = INCLUDE_SOURCE;
				MTL_FAST_MATH = YES;
				ONLY_ACTIVE_ARCH = YES;
				SDKROOT = iphoneos;
				SWIFT_ACTIVE_COMPILATION_CONDITIONS = DEBUG;
				SWIFT_OPTIMIZATION_LEVEL = "-Onone";
			};
			name = Debug;
		};
		BB053A3C233EFA9200577489 /* Release */ = {
			isa = XCBuildConfiguration;
			buildSettings = {
				ALWAYS_SEARCH_USER_PATHS = NO;
				CLANG_ANALYZER_NONNULL = YES;
				CLANG_ANALYZER_NUMBER_OBJECT_CONVERSION = YES_AGGRESSIVE;
				CLANG_CXX_LANGUAGE_STANDARD = "gnu++14";
				CLANG_CXX_LIBRARY = "libc++";
				CLANG_ENABLE_MODULES = YES;
				CLANG_ENABLE_OBJC_ARC = YES;
				CLANG_ENABLE_OBJC_WEAK = YES;
				CLANG_WARN_BLOCK_CAPTURE_AUTORELEASING = YES;
				CLANG_WARN_BOOL_CONVERSION = YES;
				CLANG_WARN_COMMA = YES;
				CLANG_WARN_CONSTANT_CONVERSION = YES;
				CLANG_WARN_DEPRECATED_OBJC_IMPLEMENTATIONS = YES;
				CLANG_WARN_DIRECT_OBJC_ISA_USAGE = YES_ERROR;
				CLANG_WARN_DOCUMENTATION_COMMENTS = YES;
				CLANG_WARN_EMPTY_BODY = YES;
				CLANG_WARN_ENUM_CONVERSION = YES;
				CLANG_WARN_INFINITE_RECURSION = YES;
				CLANG_WARN_INT_CONVERSION = YES;
				CLANG_WARN_NON_LITERAL_NULL_CONVERSION = YES;
				CLANG_WARN_OBJC_IMPLICIT_RETAIN_SELF = YES;
				CLANG_WARN_OBJC_LITERAL_CONVERSION = YES;
				CLANG_WARN_OBJC_ROOT_CLASS = YES_ERROR;
				CLANG_WARN_RANGE_LOOP_ANALYSIS = YES;
				CLANG_WARN_STRICT_PROTOTYPES = YES;
				CLANG_WARN_SUSPICIOUS_MOVE = YES;
				CLANG_WARN_UNGUARDED_AVAILABILITY = YES_AGGRESSIVE;
				CLANG_WARN_UNREACHABLE_CODE = YES;
				CLANG_WARN__DUPLICATE_METHOD_MATCH = YES;
				COPY_PHASE_STRIP = NO;
				DEBUG_INFORMATION_FORMAT = "dwarf-with-dsym";
				ENABLE_NS_ASSERTIONS = NO;
				ENABLE_STRICT_OBJC_MSGSEND = YES;
				GCC_C_LANGUAGE_STANDARD = gnu11;
				GCC_NO_COMMON_BLOCKS = YES;
				GCC_WARN_64_TO_32_BIT_CONVERSION = YES;
				GCC_WARN_ABOUT_RETURN_TYPE = YES_ERROR;
				GCC_WARN_UNDECLARED_SELECTOR = YES;
				GCC_WARN_UNINITIALIZED_AUTOS = YES_AGGRESSIVE;
				GCC_WARN_UNUSED_FUNCTION = YES;
				GCC_WARN_UNUSED_VARIABLE = YES;
				IPHONEOS_DEPLOYMENT_TARGET = 13.0;
				MTL_ENABLE_DEBUG_INFO = NO;
				MTL_FAST_MATH = YES;
				SDKROOT = iphoneos;
				SWIFT_COMPILATION_MODE = wholemodule;
				SWIFT_OPTIMIZATION_LEVEL = "-O";
				VALIDATE_PRODUCT = YES;
			};
			name = Release;
		};
		BB053A3E233EFA9200577489 /* Debug */ = {
			isa = XCBuildConfiguration;
			buildSettings = {
				ASSETCATALOG_COMPILER_APPICON_NAME = AppIcon;
				CODE_SIGN_STYLE = Manual;
				DEVELOPMENT_TEAM = "";
				INFOPLIST_FILE = "$(SRCROOT)/MVVMArchitecture/Info.plist";
				LD_RUNPATH_SEARCH_PATHS = (
					"$(inherited)",
					"@executable_path/Frameworks",
				);
				PRODUCT_BUNDLE_IDENTIFIER = SampleSwiftUI.SampleMVVM;
				PRODUCT_NAME = MVVMArchitecture;
				PROVISIONING_PROFILE_SPECIFIER = "";
				SWIFT_VERSION = 5.0;
				TARGETED_DEVICE_FAMILY = "1,2";
			};
			name = Debug;
		};
		BB053A3F233EFA9200577489 /* Release */ = {
			isa = XCBuildConfiguration;
			buildSettings = {
				ASSETCATALOG_COMPILER_APPICON_NAME = AppIcon;
				CODE_SIGN_STYLE = Manual;
				DEVELOPMENT_TEAM = "";
				INFOPLIST_FILE = "$(SRCROOT)/MVVMArchitecture/Info.plist";
				LD_RUNPATH_SEARCH_PATHS = (
					"$(inherited)",
					"@executable_path/Frameworks",
				);
				PRODUCT_BUNDLE_IDENTIFIER = SampleSwiftUI.SampleMVVM;
				PRODUCT_NAME = MVVMArchitecture;
				PROVISIONING_PROFILE_SPECIFIER = "";
				SWIFT_VERSION = 5.0;
				TARGETED_DEVICE_FAMILY = "1,2";
			};
			name = Release;
		};
/* End XCBuildConfiguration section */

/* Begin XCConfigurationList section */
		BB053A24233EFA9100577489 /* Build configuration list for PBXProject "MVVMArchitecture" */ = {
			isa = XCConfigurationList;
			buildConfigurations = (
				BB053A3B233EFA9200577489 /* Debug */,
				BB053A3C233EFA9200577489 /* Release */,
			);
			defaultConfigurationIsVisible = 0;
			defaultConfigurationName = Release;
		};
		BB053A3D233EFA9200577489 /* Build configuration list for PBXNativeTarget "MVVMArchitecture" */ = {
			isa = XCConfigurationList;
			buildConfigurations = (
				BB053A3E233EFA9200577489 /* Debug */,
				BB053A3F233EFA9200577489 /* Release */,
			);
			defaultConfigurationIsVisible = 0;
			defaultConfigurationName = Release;
		};
/* End XCConfigurationList section */
	};
	rootObject = BB053A21233EFA9100577489 /* Project object */;
}
